
Microsoft Visual Studio Solution File, Format Version 12.00
# Visual Studio Version 17
VisualStudioVersion = 17.3.32804.467
MinimumVisualStudioVersion = 10.0.40219.1
Project("{FAE04EC0-301F-11D3-BF4B-00C04F79EFBC}") = "ArtificalAugmentationGenerator", "ArtificalAugmentationGenerator\ArtificalAugmentationGenerator.csproj", "{F7FC360D-139F-4C0B-8F55-56CDFA1F93E1}"
EndProject
Project("{FAE04EC0-301F-11D3-BF4B-00C04F79EFBC}") = "AAG_Dirt", "AAG_Dirt\AAG_Dirt.csproj", "{380CD958-8985-444D-A5C4-4B985E7191A7}"
EndProject
Project("{2150E333-8FDC-42A3-9474-1A3956D46DE8}") = "Plugins", "Plugins", "{4E5FFA5A-3089-4369-AEA8-E2A81924EC22}"
EndProject
Project("{FAE04EC0-301F-11D3-BF4B-00C04F79EFBC}") = "AAG_Water", "AAG_Water\AAG_Water.csproj", "{A5718CE5-E2EC-4ACC-84B5-D5ED60607DA1}"
EndProject
Global
	GlobalSection(SolutionConfigurationPlatforms) = preSolution
		Debug|Any CPU = Debug|Any CPU
		Release|Any CPU = Release|Any CPU
	EndGlobalSection
	GlobalSection(ProjectConfigurationPlatforms) = postSolution
		{F7FC360D-139F-4C0B-8F55-56CDFA1F93E1}.Debug|Any CPU.ActiveCfg = Debug|Any CPU
		{F7FC360D-139F-4C0B-8F55-56CDFA1F93E1}.Debug|Any CPU.Build.0 = Debug|Any CPU
		{F7FC360D-139F-4C0B-8F55-56CDFA1F93E1}.Release|Any CPU.ActiveCfg = Release|Any CPU
		{F7FC360D-139F-4C0B-8F55-56CDFA1F93E1}.Release|Any CPU.Build.0 = Release|Any CPU
		{380CD958-8985-444D-A5C4-4B985E7191A7}.Debug|Any CPU.ActiveCfg = Debug|Any CPU
		{380CD958-8985-444D-A5C4-4B985E7191A7}.Debug|Any CPU.Build.0 = Debug|Any CPU
		{380CD958-8985-444D-A5C4-4B985E7191A7}.Release|Any CPU.ActiveCfg = Release|Any CPU
		{380CD958-8985-444D-A5C4-4B985E7191A7}.Release|Any CPU.Build.0 = Release|Any CPU
		{A5718CE5-E2EC-4ACC-84B5-D5ED60607DA1}.Debug|Any CPU.ActiveCfg = Debug|Any CPU
		{A5718CE5-E2EC-4ACC-84B5-D5ED60607DA1}.Debug|Any CPU.Build.0 = Debug|Any CPU
		{A5718CE5-E2EC-4ACC-84B5-D5ED60607DA1}.Release|Any CPU.ActiveCfg = Release|Any CPU
		{A5718CE5-E2EC-4ACC-84B5-D5ED60607DA1}.Release|Any CPU.Build.0 = Release|Any CPU
	EndGlobalSection
	GlobalSection(SolutionProperties) = preSolution
		HideSolutionNode = FALSE
	EndGlobalSection
	GlobalSection(NestedProjects) = preSolution
		{380CD958-8985-444D-A5C4-4B985E7191A7} = {4E5FFA5A-3089-4369-AEA8-E2A81924EC22}
		{A5718CE5-E2EC-4ACC-84B5-D5ED60607DA1} = {4E5FFA5A-3089-4369-AEA8-E2A81924EC22}
	EndGlobalSection
	GlobalSection(ExtensibilityGlobals) = postSolution
		SolutionGuid = {062664BA-6D15-466F-82DE-D83B2C11F6F6}
	EndGlobalSection
EndGlobal
